{
  "version": 4,
  "terraform_version": "1.11.1",
  "serial": 5,
  "lineage": "4bc145e4-f7ea-632c-228d-f1291227c685",
  "outputs": {},
  "resources": [
    {
      "mode": "managed",
      "type": "aws_eks_cluster",
      "name": "my-cluster",
      "provider": "provider[\"registry.terraform.io/hashicorp/aws\"]",
      "instances": [
        {
          "schema_version": 1,
          "attributes": {
            "access_config": [
              {
                "authentication_mode": "CONFIG_MAP",
                "bootstrap_cluster_creator_admin_permissions": true
              }
            ],
            "arn": "arn:aws:eks:us-east-2:559050219443:cluster/lucidtech-cluster",
            "bootstrap_self_managed_addons": true,
            "certificate_authority": [
              {
                "data": "LS0tLS1CRUdJTiBDRVJUSUZJQ0FURS0tLS0tCk1JSURCVENDQWUyZ0F3SUJBZ0lJY2ZoNnJ0Rm9VcE13RFFZSktvWklodmNOQVFFTEJRQXdGVEVUTUJFR0ExVUUKQXhNS2EzVmlaWEp1WlhSbGN6QWVGdzB5TlRBek1UTXdOakF6TlRWYUZ3MHpOVEF6TVRFd05qQTROVFZhTUJVeApFekFSQmdOVkJBTVRDbXQxWW1WeWJtVjBaWE13Z2dFaU1BMEdDU3FHU0liM0RRRUJBUVVBQTRJQkR3QXdnZ0VLCkFvSUJBUURxQnhTSmJDazhuWVF2L05ReGNmOVhWNFBZdTE1RW9EVUlZSlZhNVgvbkZBeWxnWnVOK2hVUjVHdzYKcjNmc1BLZFU1WXl5Z2k1VysyUkprZUE5V2drWXJQWlB6UWpqQnNHenkxZ2dReWlHc2pHeEpyQWZBbVk5WUViSgpjdlVaYytnZEZzTHRpTEo2L0Y5ZXBwaVRZRW1XOWhsTjkwWWNjTFJzMXdCOSt6QjBLYmNtQXpaYlNqMWE4ejV3CkQ4SXFHSHE4ZW5jNHRoTlZUQkR3azRjalFoOXBQWEtpZ1hscG5zSVJVQzhVTGwwa3RUd1JvYzZsZ2dMTlcwZ1QKSDhBeSttcWZzcnptUTVyQW5oVW5hVFkvYm5zUzV5WHJycGRjMmsyK1R0T2NGUGxWMktYRUlPTSs4cUN1WkhyVQpWdlZNRzZpem1wbTY3ei9MZDNYT2ZQbXJaM09sQWdNQkFBR2pXVEJYTUE0R0ExVWREd0VCL3dRRUF3SUNwREFQCkJnTlZIUk1CQWY4RUJUQURBUUgvTUIwR0ExVWREZ1FXQkJUOTZpSXJ4Z0tQVVdMSVhJWnVrd0Yva3VOQWFqQVYKQmdOVkhSRUVEakFNZ2dwcmRXSmxjbTVsZEdWek1BMEdDU3FHU0liM0RRRUJDd1VBQTRJQkFRQjBXMHpOckVlSApqZ2xlU2NXYXkxcUQvM21aSHZJNmV6enN5SEF6ZGxSU2J4K05rdzYrN2VVN1BwWVIrY2JSdUlEQ2k4NmY4bWRNClNiMHRwUm9Md3o2cnA0QlE3NDV5MTdTK0pUSGFWYjZKaS9nbFlCaFRFaGR5Z04rd3dGRzZUK1czWkd4Ykx0WnEKbFVlL0lHR3JFSUVjZm1pOFpTbzB3Y2hGckZGRm9CbTJPaEZIcE92TG4yeDZTY0h5a2ZIYUdyQkUvVWg3LzJUeQpEMmJPVGtRTnNSOHU3ZVlPb1BYTjMvcVdiS1Z3Yjg1THZvUjRUQTBzOTdLNjZnSloyWTZRaUw1SlZWZGJCT0hjCmFvQkxFeFdmb3ZxbEtuT0NsNXVkNGozaVppR2sralkxanZnSmxXUEM2NWxQeFFlbWNLOWd6Z1poQkVjeU95cmIKY2EyUVBhQnZCUGJkCi0tLS0tRU5EIENFUlRJRklDQVRFLS0tLS0K"
              }
            ],
            "cluster_id": null,
            "compute_config": [],
            "created_at": "2025-03-13T06:04:48Z",
            "enabled_cluster_log_types": null,
            "encryption_config": [],
            "endpoint": "https://DA31E9557805896BC174BC9AEF03047A.gr7.us-east-2.eks.amazonaws.com",
            "id": "lucidtech-cluster",
            "identity": [
              {
                "oidc": [
                  {
                    "issuer": "https://oidc.eks.us-east-2.amazonaws.com/id/DA31E9557805896BC174BC9AEF03047A"
                  }
                ]
              }
            ],
            "kubernetes_network_config": [
              {
                "elastic_load_balancing": [
                  {
                    "enabled": false
                  }
                ],
                "ip_family": "ipv4",
                "service_ipv4_cidr": "172.20.0.0/16",
                "service_ipv6_cidr": ""
              }
            ],
            "name": "lucidtech-cluster",
            "outpost_config": [],
            "platform_version": "eks.20",
            "remote_network_config": [],
            "role_arn": "arn:aws:iam::559050219443:role/lucidtech-cluster-role",
            "status": "ACTIVE",
            "storage_config": [],
            "tags": null,
            "tags_all": {},
            "timeouts": null,
            "upgrade_policy": [
              {
                "support_type": "EXTENDED"
              }
            ],
            "version": "1.31",
            "vpc_config": [
              {
                "cluster_security_group_id": "sg-0c1e6ea55aaed0f02",
                "endpoint_private_access": false,
                "endpoint_public_access": true,
                "public_access_cidrs": [
                  "0.0.0.0/0"
                ],
                "security_group_ids": null,
                "subnet_ids": [
                  "subnet-00e58e2f9647b3942",
                  "subnet-0946aae8f37d00c19"
                ],
                "vpc_id": "vpc-073791692da700b05"
              }
            ],
            "zonal_shift_config": []
          },
          "sensitive_attributes": [],
          "private": "eyJlMmJmYjczMC1lY2FhLTExZTYtOGY4OC0zNDM2M2JjN2M0YzAiOnsiY3JlYXRlIjoxODAwMDAwMDAwMDAwLCJkZWxldGUiOjkwMDAwMDAwMDAwMCwidXBkYXRlIjozNjAwMDAwMDAwMDAwfSwic2NoZW1hX3ZlcnNpb24iOiIxIn0=",
          "dependencies": [
            "aws_iam_role.eks_cluster_role",
            "aws_iam_role_policy_attachment.eks_cluster_policy"
          ]
        }
      ]
    },
    {
      "mode": "managed",
      "type": "aws_iam_role",
      "name": "eks_cluster_role",
      "provider": "provider[\"registry.terraform.io/hashicorp/aws\"]",
      "instances": [
        {
          "schema_version": 0,
          "attributes": {
            "arn": "arn:aws:iam::559050219443:role/lucidtech-cluster-role",
            "assume_role_policy": "{\"Statement\":[{\"Action\":\"sts:AssumeRole\",\"Effect\":\"Allow\",\"Principal\":{\"Service\":\"eks.amazonaws.com\"}}],\"Version\":\"2012-10-17\"}",
            "create_date": "2025-03-13T06:04:45Z",
            "description": "",
            "force_detach_policies": false,
            "id": "lucidtech-cluster-role",
            "inline_policy": [],
            "managed_policy_arns": [],
            "max_session_duration": 3600,
            "name": "lucidtech-cluster-role",
            "name_prefix": "",
            "path": "/",
            "permissions_boundary": "",
            "tags": null,
            "tags_all": {},
            "unique_id": "AROAYEKP5L6ZS7P7DLMM7"
          },
          "sensitive_attributes": [],
          "private": "bnVsbA=="
        }
      ]
    },
    {
      "mode": "managed",
      "type": "aws_iam_role_policy_attachment",
      "name": "eks_cluster_policy",
      "provider": "provider[\"registry.terraform.io/hashicorp/aws\"]",
      "instances": [
        {
          "schema_version": 0,
          "attributes": {
            "id": "lucidtech-cluster-role-20250313060446144800000001",
            "policy_arn": "arn:aws:iam::aws:policy/AmazonEKSClusterPolicy",
            "role": "lucidtech-cluster-role"
          },
          "sensitive_attributes": [],
          "private": "bnVsbA==",
          "dependencies": [
            "aws_iam_role.eks_cluster_role"
          ]
        }
      ]
    }
  ],
  "check_results": null
}
